
Microsoft Visual Studio Solution File, Format Version 12.00
# Visual Studio 2013
VisualStudioVersion = 12.0.31101.0
MinimumVisualStudioVersion = 10.0.40219.1
Project("{8BC9CEB8-8B4A-11D0-8D11-00A0C91BC942}") = "[15-08-19] 선형 큐", "[15-08-19] 선형 큐.vcxproj", "{8B1B3D15-E226-4D94-9B6C-F50BCF33270E}"
EndProject
Global
	GlobalSection(TeamFoundationVersionControl) = preSolution
		SccNumberOfProjects = 2
		SccEnterpriseProvider = {4CA58AB2-18FA-4F8D-95D4-32DDF27D184C}
		SccTeamFoundationServer = https://wlsgks5.visualstudio.com/defaultcollection
		SccLocalPath0 = .
		SccProjectUniqueName1 = [15-08-19]\u0020선형\u0020큐.vcxproj
		SccLocalPath1 = .
	EndGlobalSection
	GlobalSection(SolutionConfigurationPlatforms) = preSolution
		Debug|Win32 = Debug|Win32
		Release|Win32 = Release|Win32
	EndGlobalSection
	GlobalSection(ProjectConfigurationPlatforms) = postSolution
		{8B1B3D15-E226-4D94-9B6C-F50BCF33270E}.Debug|Win32.ActiveCfg = Debug|Win32
		{8B1B3D15-E226-4D94-9B6C-F50BCF33270E}.Debug|Win32.Build.0 = Debug|Win32
		{8B1B3D15-E226-4D94-9B6C-F50BCF33270E}.Release|Win32.ActiveCfg = Release|Win32
		{8B1B3D15-E226-4D94-9B6C-F50BCF33270E}.Release|Win32.Build.0 = Release|Win32
	EndGlobalSection
	GlobalSection(SolutionProperties) = preSolution
		HideSolutionNode = FALSE
	EndGlobalSection
EndGlobal
